
Microsoft Visual Studio Solution File, Format Version 10.00
# Visual Studio 2008
Project("{F184B08F-C81C-45F6-A57F-5ABD9991F28F}") = "MobilHareketGirisleri", "MobileMiktarIlerlet\MobilHareketGirisleri.vbproj", "{A9F028AE-4ABC-4FF5-89DD-26543D41614E}"
EndProject
Global
	GlobalSection(SolutionConfigurationPlatforms) = preSolution
		Debug|Any CPU = Debug|Any CPU
		Release|Any CPU = Release|Any CPU
	EndGlobalSection
	GlobalSection(ProjectConfigurationPlatforms) = postSolution
		{A9F028AE-4ABC-4FF5-89DD-26543D41614E}.Debug|Any CPU.ActiveCfg = Debug|Any CPU
		{A9F028AE-4ABC-4FF5-89DD-26543D41614E}.Debug|Any CPU.Build.0 = Debug|Any CPU
		{A9F028AE-4ABC-4FF5-89DD-26543D41614E}.Debug|Any CPU.Deploy.0 = Debug|Any CPU
		{A9F028AE-4ABC-4FF5-89DD-26543D41614E}.Release|Any CPU.ActiveCfg = Release|Any CPU
		{A9F028AE-4ABC-4FF5-89DD-26543D41614E}.Release|Any CPU.Build.0 = Release|Any CPU
		{A9F028AE-4ABC-4FF5-89DD-26543D41614E}.Release|Any CPU.Deploy.0 = Release|Any CPU
	EndGlobalSection
	GlobalSection(SolutionProperties) = preSolution
		HideSolutionNode = FALSE
	EndGlobalSection
EndGlobal
